# THIS IS AN AUTOGENERATED FILE. DO NOT EDIT THIS FILE DIRECTLY.
# yarn lockfile v1


"@webassemblyjs/ast@1.11.1", "@webassemblyjs/ast@^1.11.1":
  version "1.11.1"
  resolved "https://registry.yarnpkg.com/@webassemblyjs/ast/-/ast-1.11.1.tgz#2bfd767eae1a6996f432ff7e8d7fc75679c0b6a7"
  integrity sha512-ukBh14qFLjxTQNTXocdyksN5QdM28S1CxHt2rdskFyL+xFV7VremuBLVbmCePj+URalXBENx/9Lm7lnhihtCSw==
  dependencies:
    "@webassemblyjs/helper-numbers" "1.11.1"
    "@webassemblyjs/helper-wasm-bytecode" "1.11.1"

"@webassemblyjs/floating-point-hex-parser@1.11.1":
  version "1.11.1"
  resolved "https://registry.yarnpkg.com/@webassemblyjs/floating-point-hex-parser/-/floating-point-hex-parser-1.11.1.tgz#f6c61a705f0fd7a6aecaa4e8198f23d9dc179e4f"
  integrity sha512-iGRfyc5Bq+NnNuX8b5hwBrRjzf0ocrJPI6GWFodBFzmFnyvrQ83SHKhmilCU/8Jv67i4GJZBMhEzltxzcNagtQ==

"@webassemblyjs/helper-api-error@1.11.1":
  version "1.11.1"
  resolved "https://registry.yarnpkg.com/@webassemblyjs/helper-api-error/-/helper-api-error-1.11.1.tgz#1a63192d8788e5c012800ba6a7a46c705288fd16"
  integrity sha512-RlhS8CBCXfRUR/cwo2ho9bkheSXG0+NwooXcc3PAILALf2QLdFyj7KGsKRbVc95hZnhnERon4kW/D3SZpp6Tcg==

"@webassemblyjs/helper-code-frame@1.11.1":
  version "1.11.1"
  resolved "https://registry.yarnpkg.com/@webassemblyjs/helper-code-frame/-/helper-code-frame-1.11.1.tgz#223e2026cbfa63ab8e9b26998bb1b3076cf6e86d"
  integrity sha512-mPd+wiLANX+0WdXre6/nVufpukwfGBzolYCrzx+QtpUUa9FthKTr+mdg0yVWgs9W7zhOE3tCOK/ffqpu4rsJag==
  dependencies:
    "@webassemblyjs/wast-printer" "1.11.1"

"@webassemblyjs/helper-fsm@1.11.1":
  version "1.11.1"
  resolved "https://registry.yarnpkg.com/@webassemblyjs/helper-fsm/-/helper-fsm-1.11.1.tgz#46ceaa84d9533db26bb20c803aec326f29007f91"
  integrity sha512-k+B+H6RO3f8xDborqpvTS5T5xp43MmytDSJbsbDmuMIN8yhCs7Oyu7+s08noYkDplj2rRlcq3iW9eGMhY7jxmg==

"@webassemblyjs/helper-numbers@1.11.1":
  version "1.11.1"
  resolved "https://registry.yarnpkg.com/@webassemblyjs/helper-numbers/-/helper-numbers-1.11.1.tgz#64d81da219fbbba1e3bd1bfc74f6e8c4e10a62ae"
  integrity sha512-vDkbxiB8zfnPdNK9Rajcey5C0w+QJugEglN0of+kmO8l7lDb77AnlKYQF7aarZuCrv+l0UvqL+68gSDr3k9LPQ==
  dependencies:
    "@webassemblyjs/floating-point-hex-parser" "1.11.1"
    "@webassemblyjs/helper-api-error" "1.11.1"
    "@xtuc/long" "4.2.2"

"@webassemblyjs/helper-wasm-bytecode@1.11.1":
  version "1.11.1"
  resolved "https://registry.yarnpkg.com/@webassemblyjs/helper-wasm-bytecode/-/helper-wasm-bytecode-1.11.1.tgz#f328241e41e7b199d0b20c18e88429c4433295e1"
  integrity sha512-PvpoOGiJwXeTrSf/qfudJhwlvDQxFgelbMqtq52WWiXC6Xgg1IREdngmPN3bs4RoO83PnL/nFrxucXj1+BX62Q==

"@webassemblyjs/ieee754@1.11.1":
  version "1.11.1"
  resolved "https://registry.yarnpkg.com/@webassemblyjs/ieee754/-/ieee754-1.11.1.tgz#963929e9bbd05709e7e12243a099180812992614"
  integrity sha512-hJ87QIPtAMKbFq6CGTkZYJivEwZDbQUgYd3qKSadTNOhVY7p+gfP6Sr0lLRVTaG1JjFj+r3YchoqRYxNH3M0GQ==
  dependencies:
    "@xtuc/ieee754" "^1.2.0"

"@webassemblyjs/leb128@1.11.1":
  version "1.11.1"
  resolved "https://registry.yarnpkg.com/@webassemblyjs/leb128/-/leb128-1.11.1.tgz#ce814b45574e93d76bae1fb2644ab9cdd9527aa5"
  integrity sha512-BJ2P0hNZ0u+Th1YZXJpzW6miwqQUGcIHT1G/sf72gLVD9DZ5AdYTqPNbHZh6K1M5VmKvFXwGSWZADz+qBWxeRw==
  dependencies:
    "@xtuc/long" "4.2.2"

"@webassemblyjs/utf8@1.11.1":
  version "1.11.1"
  resolved "https://registry.yarnpkg.com/@webassemblyjs/utf8/-/utf8-1.11.1.tgz#d1f8b764369e7c6e6bae350e854dec9a59f0a3ff"
  integrity sha512-9kqcxAEdMhiwQkHpkNiorZzqpGrodQQ2IGrHHxCy+Ozng0ofyMA0lTqiLkVs1uzTRejX+/O0EOT7KxqVPuXosQ==

"@webassemblyjs/validation@^1.11.1":
  version "1.11.1"
  resolved "https://registry.yarnpkg.com/@webassemblyjs/validation/-/validation-1.11.1.tgz#3565bf99a67ca552deb88320ca10550bdc83949e"
  integrity sha512-qNByLv/qST8x4CshQ8vUuX/+OebI9gK+FHkGPMnLnwALKFJOG0jIxG8TXaf2L+fVHNyd96qhsZ/GL54G3KTjpg==
  dependencies:
    "@webassemblyjs/ast" "1.11.1"

"@webassemblyjs/wasm-gen@^1.11.1":
  version "1.11.1"
  resolved "https://registry.yarnpkg.com/@webassemblyjs/wasm-gen/-/wasm-gen-1.11.1.tgz#86c5ea304849759b7d88c47a32f4f039ae3c8f76"
  integrity sha512-F7QqKXwwNlMmsulj6+O7r4mmtAlCWfO/0HdgOxSklZfQcDu0TpLiD1mRt/zF25Bk59FIjEuGAIyn5ei4yMfLhA==
  dependencies:
    "@webassemblyjs/ast" "1.11.1"
    "@webassemblyjs/helper-wasm-bytecode" "1.11.1"
    "@webassemblyjs/ieee754" "1.11.1"
    "@webassemblyjs/leb128" "1.11.1"
    "@webassemblyjs/utf8" "1.11.1"

"@webassemblyjs/wasm-parser@^1.11.1":
  version "1.11.1"
  resolved "https://registry.yarnpkg.com/@webassemblyjs/wasm-parser/-/wasm-parser-1.11.1.tgz#86ca734534f417e9bd3c67c7a1c75d8be41fb199"
  integrity sha512-rrBujw+dJu32gYB7/Lup6UhdkPx9S9SnobZzRVL7VcBH9Bt9bCBLEuX/YXOOtBsOZ4NQrRykKhffRWHvigQvOA==
  dependencies:
    "@webassemblyjs/ast" "1.11.1"
    "@webassemblyjs/helper-api-error" "1.11.1"
    "@webassemblyjs/helper-wasm-bytecode" "1.11.1"
    "@webassemblyjs/ieee754" "1.11.1"
    "@webassemblyjs/leb128" "1.11.1"
    "@webassemblyjs/utf8" "1.11.1"

"@webassemblyjs/wast-parser@^1.11.1":
  version "1.11.1"
  resolved "https://registry.yarnpkg.com/@webassemblyjs/wast-parser/-/wast-parser-1.11.1.tgz#3c7d6f23a1c0578af46d66798bc6264067f80003"
  integrity sha512-qnd52euxGXBO27fC8SQTqT0HAuDauAk3EJpp1yw68mtdHO6I3YpiRMJK/dvSKU75saT/uRoSgiyfW9vajh7dhA==
  dependencies:
    "@webassemblyjs/ast" "1.11.1"
    "@webassemblyjs/floating-point-hex-parser" "1.11.1"
    "@webassemblyjs/helper-api-error" "1.11.1"
    "@webassemblyjs/helper-code-frame" "1.11.1"
    "@webassemblyjs/helper-fsm" "1.11.1"
    "@xtuc/long" "4.2.2"

"@webassemblyjs/wast-printer@1.11.1", "@webassemblyjs/wast-printer@^1.11.1":
  version "1.11.1"
  resolved "https://registry.yarnpkg.com/@webassemblyjs/wast-printer/-/wast-printer-1.11.1.tgz#d0c73beda8eec5426f10ae8ef55cee5e7084c2f0"
  integrity sha512-IQboUWM4eKzWW+N/jij2sRatKMh99QEelo3Eb2q0qXkvPRISAj8Qxtmw5itwqK+TTkBuUIE45AxYPToqPtL5gg==
  dependencies:
    "@webassemblyjs/ast" "1.11.1"
    "@xtuc/long" "4.2.2"

"@xtuc/ieee754@^1.2.0":
  version "1.2.0"
  resolved "https://registry.yarnpkg.com/@xtuc/ieee754/-/ieee754-1.2.0.tgz#eef014a3145ae477a1cbc00cd1e552336dceb790"
  integrity sha512-DX8nKgqcGwsc0eJSqYt5lwP4DH5FlHnmuWWBRy7X0NcaGR0ZtuyeESgMwTYVEtxmsNGY+qit4QYT/MIYTOTPeA==

"@xtuc/long@4.2.2":
  version "4.2.2"
  resolved "https://registry.yarnpkg.com/@xtuc/long/-/long-4.2.2.tgz#d291c6a4e97989b5c61d9acf396ae4fe133a718d"
  integrity sha512-NuHqBY1PB/D8xU6s/thBgOAiAP7HOYDQ32+BFZILJ8ivkUkAHQnWfn6WhL79Owj1qmUnoN/YPhktdIoucipkAQ==

binaryen@latest:
  version "101.0.0"
  resolved "https://registry.yarnpkg.com/binaryen/-/binaryen-101.0.0.tgz#42a9e4cc7a22e2c1d75a31d28005a9b518b2c555"
  integrity sha512-FRmVxvrR8jtcf0qcukNAPZDM3dZ2sc9GmA/hKxBI7k3fFzREKh1cAs+ruQi+ITTKz7u/AuFMuVnbJwTh0ef/HQ==

commondir@^1.0.1:
  version "1.0.1"
  resolved "https://registry.yarnpkg.com/commondir/-/commondir-1.0.1.tgz#ddd800da0c66127393cca5950ea968a3aaf1253b"
  integrity sha1-3dgA2gxmEnOTzKWVDqloo6rxJTs=

esbuild@^0.12.19:
  version "0.12.19"
  resolved "https://registry.yarnpkg.com/esbuild/-/esbuild-0.12.19.tgz#ab849766705a5093df5acd8ec2f6ba2159a38a6c"
  integrity sha512-5NuT1G6THW7l3fsSCDkcPepn24R0XtyPjKoqKHD8LfhqMXzCdz0mrS9HgO6hIhzVT7zt0T+JGbzCqF5AH8hS9w==

find-cache-dir@^3.3.1:
  version "3.3.1"
  resolved "https://registry.yarnpkg.com/find-cache-dir/-/find-cache-dir-3.3.1.tgz#89b33fad4a4670daa94f855f7fbe31d6d84fe880"
  integrity sha512-t2GDMt3oGC/v+BMwzmllWDuJF/xcDtE5j/fCGbqDD7OLuJkj0cfh1YSA5VKPvwMeLFLNDBkwOKZ2X85jGLVftQ==
  dependencies:
    commondir "^1.0.1"
    make-dir "^3.0.2"
    pkg-dir "^4.1.0"

find-up@^4.0.0:
  version "4.1.0"
  resolved "https://registry.yarnpkg.com/find-up/-/find-up-4.1.0.tgz#97afe7d6cdc0bc5928584b7c8d7b16e8a9aa5d19"
  integrity sha512-PpOwAdQ/YlXQ2vj8a3h8IipDuYRi3wceVQQGYWxNINccq40Anw7BlsEXCMbt1Zt+OLA6Fq9suIpIWD0OsnISlw==
  dependencies:
    locate-path "^5.0.0"
    path-exists "^4.0.0"

locate-path@^5.0.0:
  version "5.0.0"
  resolved "https://registry.yarnpkg.com/locate-path/-/locate-path-5.0.0.tgz#1afba396afd676a6d42504d0a67a3a7eb9f62aa0"
  integrity sha512-t7hw9pI+WvuwNJXwk5zVHpyhIqzg2qTlklJOf0mVxGSbe3Fp2VieZcduNYjaLDoy6p9uGpQEGWG87WpMKlNq8g==
  dependencies:
    p-locate "^4.1.0"

make-dir@^3.0.2:
  version "3.1.0"
  resolved "https://registry.yarnpkg.com/make-dir/-/make-dir-3.1.0.tgz#415e967046b3a7f1d185277d84aa58203726a13f"
  integrity sha512-g3FeP20LNwhALb/6Cz6Dd4F2ngze0jz7tbzrD2wAV+o9FeNHe4rL+yK2md0J/fiSf1sa1ADhXqi5+oVwOM/eGw==
  dependencies:
    semver "^6.0.0"

p-limit@^2.2.0:
  version "2.3.0"
  resolved "https://registry.yarnpkg.com/p-limit/-/p-limit-2.3.0.tgz#3dd33c647a214fdfffd835933eb086da0dc21db1"
  integrity sha512-//88mFWSJx8lxCzwdAABTJL2MyWB12+eIY7MDL2SqLmAkeKU9qxRvWuSyTjm3FUmpBEMuFfckAIqEaVGUDxb6w==
  dependencies:
    p-try "^2.0.0"

p-locate@^4.1.0:
  version "4.1.0"
  resolved "https://registry.yarnpkg.com/p-locate/-/p-locate-4.1.0.tgz#a3428bb7088b3a60292f66919278b7c297ad4f07"
  integrity sha512-R79ZZ/0wAxKGu3oYMlz8jy/kbhsNrS7SKZ7PxEHBgJ5+F2mtFW2fK2cOtBh1cHYkQsbzFV7I+EoRKe6Yt0oK7A==
  dependencies:
    p-limit "^2.2.0"

p-try@^2.0.0:
  version "2.2.0"
  resolved "https://registry.yarnpkg.com/p-try/-/p-try-2.2.0.tgz#cb2868540e313d61de58fafbe35ce9004d5540e6"
  integrity sha512-R4nPAVTAU0B9D35/Gk3uJf/7XYbQcyohSKdvAxIRSNghFl4e71hVoGnBNQz9cWaXxO2I10KTC+3jMdvvoKw6dQ==

path-exists@^4.0.0:
  version "4.0.0"
  resolved "https://registry.yarnpkg.com/path-exists/-/path-exists-4.0.0.tgz#513bdbe2d3b95d7762e8c1137efa195c6c61b5b3"
  integrity sha512-ak9Qy5Q7jYb2Wwcey5Fpvg2KoAc/ZIhLSLOSBmRmygPsGwkVVt0fZa0qrtMz+m6tJTAHfZQ8FnmB4MG4LWy7/w==

pkg-dir@^4.1.0:
  version "4.2.0"
  resolved "https://registry.yarnpkg.com/pkg-dir/-/pkg-dir-4.2.0.tgz#f099133df7ede422e81d1d8448270eeb3e4261f3"
  integrity sha512-HRDzbaKjC+AOWVXxAU/x54COGeIv9eb+6CkDSQoNTt4XyWoIJvuPsXizxu/Fr23EiekbtZwmh1IcIG/l/a10GQ==
  dependencies:
    find-up "^4.0.0"

semver@^6.0.0:
  version "6.3.0"
  resolved "https://registry.yarnpkg.com/semver/-/semver-6.3.0.tgz#ee0a64c8af5e8ceea67687b133761e1becbd1d3d"
  integrity sha512-b39TBaTSfV6yBrapU89p5fKekE2m/NwnDocOVruQFS1/veMgdzuPcnOM34M6CwxW8jH/lxEa5rBoDeUwu5HHTw==

wabt@latest:
  version "1.0.24"
  resolved "https://registry.yarnpkg.com/wabt/-/wabt-1.0.24.tgz#c02e0b5b4503b94feaf4a30a426ef01c1bea7c6c"
  integrity sha512-8l7sIOd3i5GWfTWciPL0+ff/FK/deVK2Q6FN+MPz4vfUcD78i2M/49XJTwF6aml91uIiuXJEsLKWMB2cw/mtKg==
