# THIS IS AN AUTOGENERATED FILE. DO NOT EDIT THIS FILE DIRECTLY.
# yarn lockfile v1


"@webassemblyjs/ast@https://github.com/mitschabaude/webassemblyjs/releases/download/v1.11.1-3/webassemblyjs-ast.tgz":
  version "1.11.1"
  uid "52e11dc8beb1afb80ec0e0a591a0621eb1f85fc5"
  resolved "https://github.com/mitschabaude/webassemblyjs/releases/download/v1.11.1-3/webassemblyjs-ast.tgz#52e11dc8beb1afb80ec0e0a591a0621eb1f85fc5"
  dependencies:
    "@webassemblyjs/helper-numbers" "https://github.com/mitschabaude/webassemblyjs/releases/download/v1.11.1-3/webassemblyjs-helper-numbers.tgz"
    "@webassemblyjs/helper-wasm-bytecode" "https://github.com/mitschabaude/webassemblyjs/releases/download/v1.11.1-3/webassemblyjs-helper-wasm-bytecode.tgz"

"@webassemblyjs/ast@https://github.com/mitschabaude/webassemblyjs/releases/latest/download/webassemblyjs-ast.tgz":
  version "1.11.1"
  resolved "https://github.com/mitschabaude/webassemblyjs/releases/latest/download/webassemblyjs-ast.tgz#52e11dc8beb1afb80ec0e0a591a0621eb1f85fc5"
  dependencies:
    "@webassemblyjs/helper-numbers" "https://github.com/mitschabaude/webassemblyjs/releases/download/v1.11.1-3/webassemblyjs-helper-numbers.tgz"
    "@webassemblyjs/helper-wasm-bytecode" "https://github.com/mitschabaude/webassemblyjs/releases/download/v1.11.1-3/webassemblyjs-helper-wasm-bytecode.tgz"

"@webassemblyjs/floating-point-hex-parser@https://github.com/mitschabaude/webassemblyjs/releases/download/v1.11.1-3/webassemblyjs-floating-point-hex-parser.tgz":
  version "1.11.1"
  resolved "https://github.com/mitschabaude/webassemblyjs/releases/download/v1.11.1-3/webassemblyjs-floating-point-hex-parser.tgz#f6cc55a2f2a03d62aa445feb091342dc41007193"

"@webassemblyjs/helper-api-error@https://github.com/mitschabaude/webassemblyjs/releases/download/v1.11.1-3/webassemblyjs-helper-api-error.tgz":
  version "1.11.1"
  resolved "https://github.com/mitschabaude/webassemblyjs/releases/download/v1.11.1-3/webassemblyjs-helper-api-error.tgz#58c5cd90209de9ab26c29e5d6481952e1df651ed"

"@webassemblyjs/helper-code-frame@https://github.com/mitschabaude/webassemblyjs/releases/download/v1.11.1-3/webassemblyjs-helper-code-frame.tgz":
  version "1.11.1"
  resolved "https://github.com/mitschabaude/webassemblyjs/releases/download/v1.11.1-3/webassemblyjs-helper-code-frame.tgz#2844a1e63253792307150d8dec0a66558311a606"
  dependencies:
    "@webassemblyjs/wast-printer" "https://github.com/mitschabaude/webassemblyjs/releases/download/v1.11.1-3/webassemblyjs-wast-printer.tgz"

"@webassemblyjs/helper-fsm@https://github.com/mitschabaude/webassemblyjs/releases/download/v1.11.1-3/webassemblyjs-helper-fsm.tgz":
  version "1.11.1"
  resolved "https://github.com/mitschabaude/webassemblyjs/releases/download/v1.11.1-3/webassemblyjs-helper-fsm.tgz#216ce71edb44b5e9ad67711fd944862b94984a7f"

"@webassemblyjs/helper-numbers@https://github.com/mitschabaude/webassemblyjs/releases/download/v1.11.1-3/webassemblyjs-helper-numbers.tgz":
  version "1.11.1"
  resolved "https://github.com/mitschabaude/webassemblyjs/releases/download/v1.11.1-3/webassemblyjs-helper-numbers.tgz#f3fd4302764818d102ca4a52952fd9ca032341c6"
  dependencies:
    "@webassemblyjs/floating-point-hex-parser" "https://github.com/mitschabaude/webassemblyjs/releases/download/v1.11.1-3/webassemblyjs-floating-point-hex-parser.tgz"
    "@webassemblyjs/helper-api-error" "https://github.com/mitschabaude/webassemblyjs/releases/download/v1.11.1-3/webassemblyjs-helper-api-error.tgz"
    "@xtuc/long" "4.2.2"

"@webassemblyjs/helper-wasm-bytecode@https://github.com/mitschabaude/webassemblyjs/releases/download/v1.11.1-3/webassemblyjs-helper-wasm-bytecode.tgz":
  version "1.11.1"
  resolved "https://github.com/mitschabaude/webassemblyjs/releases/download/v1.11.1-3/webassemblyjs-helper-wasm-bytecode.tgz#05c5461deaa803ca9c640557156f3b20beebe549"

"@webassemblyjs/ieee754@https://github.com/mitschabaude/webassemblyjs/releases/download/v1.11.1-3/webassemblyjs-ieee754.tgz":
  version "1.11.1"
  resolved "https://github.com/mitschabaude/webassemblyjs/releases/download/v1.11.1-3/webassemblyjs-ieee754.tgz#01124950127ebc36d632960bb33ad5f19ca9e902"
  dependencies:
    "@xtuc/ieee754" "^1.2.0"

"@webassemblyjs/leb128@https://github.com/mitschabaude/webassemblyjs/releases/download/v1.11.1-3/webassemblyjs-leb128.tgz":
  version "1.11.1"
  resolved "https://github.com/mitschabaude/webassemblyjs/releases/download/v1.11.1-3/webassemblyjs-leb128.tgz#da6407218b62fc5e17cddbffad1cb559af20198f"
  dependencies:
    "@xtuc/long" "4.2.2"

"@webassemblyjs/utf8@https://github.com/mitschabaude/webassemblyjs/releases/download/v1.11.1-3/webassemblyjs-utf8.tgz":
  version "1.11.1"
  resolved "https://github.com/mitschabaude/webassemblyjs/releases/download/v1.11.1-3/webassemblyjs-utf8.tgz#1a7a61421c3f7cc112d0bba2c63ad2c8f0c77db8"

"@webassemblyjs/wasm-parser@https://github.com/mitschabaude/webassemblyjs/releases/latest/download/webassemblyjs-wasm-parser.tgz":
  version "1.11.1"
  resolved "https://github.com/mitschabaude/webassemblyjs/releases/latest/download/webassemblyjs-wasm-parser.tgz#e45ce85e33d7205f41837f1eb78c148000852101"
  dependencies:
    "@webassemblyjs/ast" "https://github.com/mitschabaude/webassemblyjs/releases/download/v1.11.1-3/webassemblyjs-ast.tgz"
    "@webassemblyjs/helper-api-error" "https://github.com/mitschabaude/webassemblyjs/releases/download/v1.11.1-3/webassemblyjs-helper-api-error.tgz"
    "@webassemblyjs/helper-wasm-bytecode" "https://github.com/mitschabaude/webassemblyjs/releases/download/v1.11.1-3/webassemblyjs-helper-wasm-bytecode.tgz"
    "@webassemblyjs/ieee754" "https://github.com/mitschabaude/webassemblyjs/releases/download/v1.11.1-3/webassemblyjs-ieee754.tgz"
    "@webassemblyjs/leb128" "https://github.com/mitschabaude/webassemblyjs/releases/download/v1.11.1-3/webassemblyjs-leb128.tgz"
    "@webassemblyjs/utf8" "https://github.com/mitschabaude/webassemblyjs/releases/download/v1.11.1-3/webassemblyjs-utf8.tgz"

"@webassemblyjs/wast-parser@https://github.com/mitschabaude/webassemblyjs/releases/latest/download/webassemblyjs-wast-parser.tgz":
  version "1.11.1"
  resolved "https://github.com/mitschabaude/webassemblyjs/releases/latest/download/webassemblyjs-wast-parser.tgz#4e4361b1ac2d3cd772e287c847059494ef0bff97"
  dependencies:
    "@webassemblyjs/ast" "https://github.com/mitschabaude/webassemblyjs/releases/download/v1.11.1-3/webassemblyjs-ast.tgz"
    "@webassemblyjs/floating-point-hex-parser" "https://github.com/mitschabaude/webassemblyjs/releases/download/v1.11.1-3/webassemblyjs-floating-point-hex-parser.tgz"
    "@webassemblyjs/helper-api-error" "https://github.com/mitschabaude/webassemblyjs/releases/download/v1.11.1-3/webassemblyjs-helper-api-error.tgz"
    "@webassemblyjs/helper-code-frame" "https://github.com/mitschabaude/webassemblyjs/releases/download/v1.11.1-3/webassemblyjs-helper-code-frame.tgz"
    "@webassemblyjs/helper-fsm" "https://github.com/mitschabaude/webassemblyjs/releases/download/v1.11.1-3/webassemblyjs-helper-fsm.tgz"
    "@xtuc/long" "4.2.2"

"@webassemblyjs/wast-printer@https://github.com/mitschabaude/webassemblyjs/releases/download/v1.11.1-3/webassemblyjs-wast-printer.tgz":
  version "1.11.1"
  resolved "https://github.com/mitschabaude/webassemblyjs/releases/download/v1.11.1-3/webassemblyjs-wast-printer.tgz#5af3fab6357d606187bafac3367c51916371722a"
  dependencies:
    "@webassemblyjs/ast" "https://github.com/mitschabaude/webassemblyjs/releases/download/v1.11.1-3/webassemblyjs-ast.tgz"
    "@xtuc/long" "4.2.2"

"@webassemblyjs/wast-printer@https://github.com/mitschabaude/webassemblyjs/releases/latest/download/webassemblyjs-wast-printer.tgz":
  version "1.11.1"
  uid "5af3fab6357d606187bafac3367c51916371722a"
  resolved "https://github.com/mitschabaude/webassemblyjs/releases/latest/download/webassemblyjs-wast-printer.tgz#5af3fab6357d606187bafac3367c51916371722a"
  dependencies:
    "@webassemblyjs/ast" "https://github.com/mitschabaude/webassemblyjs/releases/download/v1.11.1-3/webassemblyjs-ast.tgz"
    "@xtuc/long" "4.2.2"

"@xtuc/ieee754@^1.2.0":
  version "1.2.0"
  resolved "https://registry.yarnpkg.com/@xtuc/ieee754/-/ieee754-1.2.0.tgz#eef014a3145ae477a1cbc00cd1e552336dceb790"
  integrity sha512-DX8nKgqcGwsc0eJSqYt5lwP4DH5FlHnmuWWBRy7X0NcaGR0ZtuyeESgMwTYVEtxmsNGY+qit4QYT/MIYTOTPeA==

"@xtuc/long@4.2.2":
  version "4.2.2"
  resolved "https://registry.yarnpkg.com/@xtuc/long/-/long-4.2.2.tgz#d291c6a4e97989b5c61d9acf396ae4fe133a718d"
  integrity sha512-NuHqBY1PB/D8xU6s/thBgOAiAP7HOYDQ32+BFZILJ8ivkUkAHQnWfn6WhL79Owj1qmUnoN/YPhktdIoucipkAQ==

binaryen@latest:
  version "101.0.0"
  resolved "https://registry.yarnpkg.com/binaryen/-/binaryen-101.0.0.tgz#42a9e4cc7a22e2c1d75a31d28005a9b518b2c555"
  integrity sha512-FRmVxvrR8jtcf0qcukNAPZDM3dZ2sc9GmA/hKxBI7k3fFzREKh1cAs+ruQi+ITTKz7u/AuFMuVnbJwTh0ef/HQ==

commondir@^1.0.1:
  version "1.0.1"
  resolved "https://registry.yarnpkg.com/commondir/-/commondir-1.0.1.tgz#ddd800da0c66127393cca5950ea968a3aaf1253b"
  integrity sha1-3dgA2gxmEnOTzKWVDqloo6rxJTs=

es-module-lexer@0.4.1:
  version "0.4.1"
  resolved "https://registry.yarnpkg.com/es-module-lexer/-/es-module-lexer-0.4.1.tgz#dda8c6a14d8f340a24e34331e0fab0cb50438e0e"
  integrity sha512-ooYciCUtfw6/d2w56UVeqHPcoCFAiJdz5XOkYpv/Txl1HMUozpXjz/2RIQgqwKdXNDPSF1W7mJCFse3G+HDyAA==

esbuild@^0.12.19:
  version "0.12.26"
  resolved "https://registry.yarnpkg.com/esbuild/-/esbuild-0.12.26.tgz#35f2d58ac3fa4629df24aa4d6fd72feb5522e94b"
  integrity sha512-YmTkhPKjvTJ+G5e96NyhGf69bP+hzO0DscqaVJTi5GM34uaD4Ecj7omu5lJO+NrxCUBRhy2chONLK1h/2LwoXA==

find-cache-dir@^3.3.1:
  version "3.3.2"
  resolved "https://registry.yarnpkg.com/find-cache-dir/-/find-cache-dir-3.3.2.tgz#b30c5b6eff0730731aea9bbd9dbecbd80256d64b"
  integrity sha512-wXZV5emFEjrridIgED11OoUKLxiYjAcqot/NJdAkOhlJ+vGzwhOAfcG5OX1jP+S0PcjEn8bdMJv+g2jwQ3Onig==
  dependencies:
    commondir "^1.0.1"
    make-dir "^3.0.2"
    pkg-dir "^4.1.0"

find-up@^4.0.0:
  version "4.1.0"
  resolved "https://registry.yarnpkg.com/find-up/-/find-up-4.1.0.tgz#97afe7d6cdc0bc5928584b7c8d7b16e8a9aa5d19"
  integrity sha512-PpOwAdQ/YlXQ2vj8a3h8IipDuYRi3wceVQQGYWxNINccq40Anw7BlsEXCMbt1Zt+OLA6Fq9suIpIWD0OsnISlw==
  dependencies:
    locate-path "^5.0.0"
    path-exists "^4.0.0"

locate-path@^5.0.0:
  version "5.0.0"
  resolved "https://registry.yarnpkg.com/locate-path/-/locate-path-5.0.0.tgz#1afba396afd676a6d42504d0a67a3a7eb9f62aa0"
  integrity sha512-t7hw9pI+WvuwNJXwk5zVHpyhIqzg2qTlklJOf0mVxGSbe3Fp2VieZcduNYjaLDoy6p9uGpQEGWG87WpMKlNq8g==
  dependencies:
    p-locate "^4.1.0"

make-dir@^3.0.2:
  version "3.1.0"
  resolved "https://registry.yarnpkg.com/make-dir/-/make-dir-3.1.0.tgz#415e967046b3a7f1d185277d84aa58203726a13f"
  integrity sha512-g3FeP20LNwhALb/6Cz6Dd4F2ngze0jz7tbzrD2wAV+o9FeNHe4rL+yK2md0J/fiSf1sa1ADhXqi5+oVwOM/eGw==
  dependencies:
    semver "^6.0.0"

minimist@^1.2.5:
  version "1.2.5"
  resolved "https://registry.yarnpkg.com/minimist/-/minimist-1.2.5.tgz#67d66014b66a6a8aaa0c083c5fd58df4e4e97602"
  integrity sha512-FM9nNUYrRBAELZQT3xeZQ7fmMOBg6nWNmJKTcgsJeaLstP/UODVpGsr5OhXhhXg6f+qtJ8uiZ+PUxkDWcgIXLw==

p-limit@^2.2.0:
  version "2.3.0"
  resolved "https://registry.yarnpkg.com/p-limit/-/p-limit-2.3.0.tgz#3dd33c647a214fdfffd835933eb086da0dc21db1"
  integrity sha512-//88mFWSJx8lxCzwdAABTJL2MyWB12+eIY7MDL2SqLmAkeKU9qxRvWuSyTjm3FUmpBEMuFfckAIqEaVGUDxb6w==
  dependencies:
    p-try "^2.0.0"

p-locate@^4.1.0:
  version "4.1.0"
  resolved "https://registry.yarnpkg.com/p-locate/-/p-locate-4.1.0.tgz#a3428bb7088b3a60292f66919278b7c297ad4f07"
  integrity sha512-R79ZZ/0wAxKGu3oYMlz8jy/kbhsNrS7SKZ7PxEHBgJ5+F2mtFW2fK2cOtBh1cHYkQsbzFV7I+EoRKe6Yt0oK7A==
  dependencies:
    p-limit "^2.2.0"

p-try@^2.0.0:
  version "2.2.0"
  resolved "https://registry.yarnpkg.com/p-try/-/p-try-2.2.0.tgz#cb2868540e313d61de58fafbe35ce9004d5540e6"
  integrity sha512-R4nPAVTAU0B9D35/Gk3uJf/7XYbQcyohSKdvAxIRSNghFl4e71hVoGnBNQz9cWaXxO2I10KTC+3jMdvvoKw6dQ==

parse-imports@^1.1.0:
  version "1.1.0"
  resolved "https://registry.yarnpkg.com/parse-imports/-/parse-imports-1.1.0.tgz#39a694f293537342eb556d2e5936a2e9893289bb"
  integrity sha512-ov3Rc9e3wX9+BLR7nFx08+ThdLJfzi8ZXQrqZXfmuxdL+JCCN24m2uuBFBoaa/yyiZ9s8HjcHGDKSXJbKAyDQA==
  dependencies:
    es-module-lexer "0.4.1"
    slashes "2.0.2"

path-exists@^4.0.0:
  version "4.0.0"
  resolved "https://registry.yarnpkg.com/path-exists/-/path-exists-4.0.0.tgz#513bdbe2d3b95d7762e8c1137efa195c6c61b5b3"
  integrity sha512-ak9Qy5Q7jYb2Wwcey5Fpvg2KoAc/ZIhLSLOSBmRmygPsGwkVVt0fZa0qrtMz+m6tJTAHfZQ8FnmB4MG4LWy7/w==

pkg-dir@^4.1.0:
  version "4.2.0"
  resolved "https://registry.yarnpkg.com/pkg-dir/-/pkg-dir-4.2.0.tgz#f099133df7ede422e81d1d8448270eeb3e4261f3"
  integrity sha512-HRDzbaKjC+AOWVXxAU/x54COGeIv9eb+6CkDSQoNTt4XyWoIJvuPsXizxu/Fr23EiekbtZwmh1IcIG/l/a10GQ==
  dependencies:
    find-up "^4.0.0"

semver@^6.0.0:
  version "6.3.0"
  resolved "https://registry.yarnpkg.com/semver/-/semver-6.3.0.tgz#ee0a64c8af5e8ceea67687b133761e1becbd1d3d"
  integrity sha512-b39TBaTSfV6yBrapU89p5fKekE2m/NwnDocOVruQFS1/veMgdzuPcnOM34M6CwxW8jH/lxEa5rBoDeUwu5HHTw==

slashes@2.0.2:
  version "2.0.2"
  resolved "https://registry.yarnpkg.com/slashes/-/slashes-2.0.2.tgz#c149dd3555bd236fdc3b43ec56e748e924425613"
  integrity sha512-68p+QkFAQQRetIUzNXAdktNJr8AYLxJukjBegYQz8F7VATsBJG621UYtY/vS2j9jerxdJ1k6Tc25K4DXEw1d5w==

wabt@latest:
  version "1.0.24"
  resolved "https://registry.yarnpkg.com/wabt/-/wabt-1.0.24.tgz#c02e0b5b4503b94feaf4a30a426ef01c1bea7c6c"
  integrity sha512-8l7sIOd3i5GWfTWciPL0+ff/FK/deVK2Q6FN+MPz4vfUcD78i2M/49XJTwF6aml91uIiuXJEsLKWMB2cw/mtKg==
