{
  "version": "v1",
  "packages": {
    "@webassemblyjs/helper-wasm-bytecode": {
      "signature": "28a56a538e00ff0ff358966f46394a25",
      "file": true,
      "replaced": "1.11.1"
    },
    "@webassemblyjs/leb128": {
      "signature": "9c6622cc39eb3b15dea1d6855c924781",
      "file": true,
      "replaced": "1.11.1"
    }
  }
}